
Microsoft Visual Studio Solution File, Format Version 12.00
# Visual Studio 15
VisualStudioVersion = 15.0.27703.2026
MinimumVisualStudioVersion = 10.0.40219.1
Project("{FAE04EC0-301F-11D3-BF4B-00C04F79EFBC}") = "ConsoleTemplate", "ConsoleTemplate\ConsoleTemplate.csproj", "{9C70D26A-F6AA-4D7B-BF5D-49F593E34B15}"
EndProject
Project("{FAE04EC0-301F-11D3-BF4B-00C04F79EFBC}") = "ConsoleTemplate.Domain", "ConsoleTemplate.Domain\ConsoleTemplate.Domain.csproj", "{DDB1832A-5385-482F-A42D-08ECB3F9DD3B}"
EndProject
Project("{FAE04EC0-301F-11D3-BF4B-00C04F79EFBC}") = "ConsoleTemplate.Services", "ConsoleTemplate.Services\ConsoleTemplate.Services.csproj", "{C34D7550-F12C-492A-9AE3-23A30FA7F55D}"
EndProject
Project("{FAE04EC0-301F-11D3-BF4B-00C04F79EFBC}") = "ConsoleTemplate.Repositories", "ConsoleTemplate.Repositories\ConsoleTemplate.Repositories.csproj", "{A32ED509-5FD0-4363-B6AE-ADE5941D0557}"
EndProject
Global
	GlobalSection(SolutionConfigurationPlatforms) = preSolution
		Debug|Any CPU = Debug|Any CPU
		Release|Any CPU = Release|Any CPU
	EndGlobalSection
	GlobalSection(ProjectConfigurationPlatforms) = postSolution
		{9C70D26A-F6AA-4D7B-BF5D-49F593E34B15}.Debug|Any CPU.ActiveCfg = Debug|Any CPU
		{9C70D26A-F6AA-4D7B-BF5D-49F593E34B15}.Debug|Any CPU.Build.0 = Debug|Any CPU
		{9C70D26A-F6AA-4D7B-BF5D-49F593E34B15}.Release|Any CPU.ActiveCfg = Release|Any CPU
		{9C70D26A-F6AA-4D7B-BF5D-49F593E34B15}.Release|Any CPU.Build.0 = Release|Any CPU
		{DDB1832A-5385-482F-A42D-08ECB3F9DD3B}.Debug|Any CPU.ActiveCfg = Debug|Any CPU
		{DDB1832A-5385-482F-A42D-08ECB3F9DD3B}.Debug|Any CPU.Build.0 = Debug|Any CPU
		{DDB1832A-5385-482F-A42D-08ECB3F9DD3B}.Release|Any CPU.ActiveCfg = Release|Any CPU
		{DDB1832A-5385-482F-A42D-08ECB3F9DD3B}.Release|Any CPU.Build.0 = Release|Any CPU
		{C34D7550-F12C-492A-9AE3-23A30FA7F55D}.Debug|Any CPU.ActiveCfg = Debug|Any CPU
		{C34D7550-F12C-492A-9AE3-23A30FA7F55D}.Debug|Any CPU.Build.0 = Debug|Any CPU
		{C34D7550-F12C-492A-9AE3-23A30FA7F55D}.Release|Any CPU.ActiveCfg = Release|Any CPU
		{C34D7550-F12C-492A-9AE3-23A30FA7F55D}.Release|Any CPU.Build.0 = Release|Any CPU
		{A32ED509-5FD0-4363-B6AE-ADE5941D0557}.Debug|Any CPU.ActiveCfg = Debug|Any CPU
		{A32ED509-5FD0-4363-B6AE-ADE5941D0557}.Debug|Any CPU.Build.0 = Debug|Any CPU
		{A32ED509-5FD0-4363-B6AE-ADE5941D0557}.Release|Any CPU.ActiveCfg = Release|Any CPU
		{A32ED509-5FD0-4363-B6AE-ADE5941D0557}.Release|Any CPU.Build.0 = Release|Any CPU
	EndGlobalSection
	GlobalSection(SolutionProperties) = preSolution
		HideSolutionNode = FALSE
	EndGlobalSection
	GlobalSection(ExtensibilityGlobals) = postSolution
		SolutionGuid = {E8E1C8E0-01CB-46FE-BC4F-520A70DA5EAA}
	EndGlobalSection
EndGlobal
